
Microsoft Visual Studio Solution File, Format Version 12.00
# Visual Studio Version 16
VisualStudioVersion = 16.0.29509.3
MinimumVisualStudioVersion = 10.0.40219.1
Project("{FAE04EC0-301F-11D3-BF4B-00C04F79EFBC}") = "NBPCurrencyAggregator.API", "NBPCurrencyAggregator.API\NBPCurrencyAggregator.API.csproj", "{FA0E25E1-B4A9-4A51-9A6C-F5650B19C28D}"
EndProject
Global
	GlobalSection(SolutionConfigurationPlatforms) = preSolution
		Debug|Any CPU = Debug|Any CPU
		Release|Any CPU = Release|Any CPU
	EndGlobalSection
	GlobalSection(ProjectConfigurationPlatforms) = postSolution
		{FA0E25E1-B4A9-4A51-9A6C-F5650B19C28D}.Debug|Any CPU.ActiveCfg = Debug|Any CPU
		{FA0E25E1-B4A9-4A51-9A6C-F5650B19C28D}.Debug|Any CPU.Build.0 = Debug|Any CPU
		{FA0E25E1-B4A9-4A51-9A6C-F5650B19C28D}.Release|Any CPU.ActiveCfg = Release|Any CPU
		{FA0E25E1-B4A9-4A51-9A6C-F5650B19C28D}.Release|Any CPU.Build.0 = Release|Any CPU
	EndGlobalSection
	GlobalSection(SolutionProperties) = preSolution
		HideSolutionNode = FALSE
	EndGlobalSection
	GlobalSection(ExtensibilityGlobals) = postSolution
		SolutionGuid = {7C828677-8EEF-48A3-8245-372E52C4A2F1}
	EndGlobalSection
EndGlobal
